
Microsoft Visual Studio Solution File, Format Version 12.00
# Visual Studio Version 16
VisualStudioVersion = 16.0.29709.97
MinimumVisualStudioVersion = 10.0.40219.1
Project("{FAE04EC0-301F-11D3-BF4B-00C04F79EFBC}") = "ConsoleAppWeaponStrategy2", "ConsoleAppWeaponStrategy2\ConsoleAppWeaponStrategy2.csproj", "{380DE471-0116-4F5C-9ED5-94A926C69377}"
EndProject
Global
	GlobalSection(SolutionConfigurationPlatforms) = preSolution
		Debug|Any CPU = Debug|Any CPU
		Release|Any CPU = Release|Any CPU
	EndGlobalSection
	GlobalSection(ProjectConfigurationPlatforms) = postSolution
		{380DE471-0116-4F5C-9ED5-94A926C69377}.Debug|Any CPU.ActiveCfg = Debug|Any CPU
		{380DE471-0116-4F5C-9ED5-94A926C69377}.Debug|Any CPU.Build.0 = Debug|Any CPU
		{380DE471-0116-4F5C-9ED5-94A926C69377}.Release|Any CPU.ActiveCfg = Release|Any CPU
		{380DE471-0116-4F5C-9ED5-94A926C69377}.Release|Any CPU.Build.0 = Release|Any CPU
	EndGlobalSection
	GlobalSection(SolutionProperties) = preSolution
		HideSolutionNode = FALSE
	EndGlobalSection
	GlobalSection(ExtensibilityGlobals) = postSolution
		SolutionGuid = {E63ADA1A-B5E0-4D7C-AF29-85D138658047}
	EndGlobalSection
EndGlobal
