
Microsoft Visual Studio Solution File, Format Version 12.00
# Visual Studio Version 16
VisualStudioVersion = 16.0.29709.97
MinimumVisualStudioVersion = 10.0.40219.1
Project("{FAE04EC0-301F-11D3-BF4B-00C04F79EFBC}") = "ConsoleAppCommand", "ConsoleAppCommand\ConsoleAppCommand.csproj", "{4481E222-70DC-43BC-A6CC-4A000AABF693}"
EndProject
Global
	GlobalSection(SolutionConfigurationPlatforms) = preSolution
		Debug|Any CPU = Debug|Any CPU
		Release|Any CPU = Release|Any CPU
	EndGlobalSection
	GlobalSection(ProjectConfigurationPlatforms) = postSolution
		{4481E222-70DC-43BC-A6CC-4A000AABF693}.Debug|Any CPU.ActiveCfg = Debug|Any CPU
		{4481E222-70DC-43BC-A6CC-4A000AABF693}.Debug|Any CPU.Build.0 = Debug|Any CPU
		{4481E222-70DC-43BC-A6CC-4A000AABF693}.Release|Any CPU.ActiveCfg = Release|Any CPU
		{4481E222-70DC-43BC-A6CC-4A000AABF693}.Release|Any CPU.Build.0 = Release|Any CPU
	EndGlobalSection
	GlobalSection(SolutionProperties) = preSolution
		HideSolutionNode = FALSE
	EndGlobalSection
	GlobalSection(ExtensibilityGlobals) = postSolution
		SolutionGuid = {75BA8276-AE88-46E5-908E-F8CBE13EC09D}
	EndGlobalSection
EndGlobal
